
Microsoft Visual Studio Solution File, Format Version 10.00
# Visual Studio 2008
Project("{8BC9CEB8-8B4A-11D0-8D11-00A0C91BC942}") = "hiredis", "hiredis.vcproj", "{62FE2454-AB35-4A57-9FA3-51892029221E}"
EndProject
Project("{8BC9CEB8-8B4A-11D0-8D11-00A0C91BC942}") = "example", "example\example.vcproj", "{9715AC8D-EA96-4943-92D5-858F65D07EDB}"
	ProjectSection(ProjectDependencies) = postProject
		{62FE2454-AB35-4A57-9FA3-51892029221E} = {62FE2454-AB35-4A57-9FA3-51892029221E}
	EndProjectSection
EndProject
Global
	GlobalSection(SolutionConfigurationPlatforms) = preSolution
		Debug|Win32 = Debug|Win32
		Release|Win32 = Release|Win32
	EndGlobalSection
	GlobalSection(ProjectConfigurationPlatforms) = postSolution
		{62FE2454-AB35-4A57-9FA3-51892029221E}.Debug|Win32.ActiveCfg = Debug|Win32
		{62FE2454-AB35-4A57-9FA3-51892029221E}.Debug|Win32.Build.0 = Debug|Win32
		{62FE2454-AB35-4A57-9FA3-51892029221E}.Release|Win32.ActiveCfg = Release|Win32
		{62FE2454-AB35-4A57-9FA3-51892029221E}.Release|Win32.Build.0 = Release|Win32
		{9715AC8D-EA96-4943-92D5-858F65D07EDB}.Debug|Win32.ActiveCfg = Debug|Win32
		{9715AC8D-EA96-4943-92D5-858F65D07EDB}.Debug|Win32.Build.0 = Debug|Win32
		{9715AC8D-EA96-4943-92D5-858F65D07EDB}.Release|Win32.ActiveCfg = Release|Win32
		{9715AC8D-EA96-4943-92D5-858F65D07EDB}.Release|Win32.Build.0 = Release|Win32
	EndGlobalSection
	GlobalSection(SolutionProperties) = preSolution
		HideSolutionNode = FALSE
	EndGlobalSection
EndGlobal
